// !$*UTF8*$!
{
	archiveVersion = 1;
	classes = {
	};
	objectVersion = 56;
	objects = {

/* Begin PBXBuildFile section */
		CB15552F2A61B0DF00610A3D /* Assets.xcassets in Resources */ = {isa = PBXBuildFile; fileRef = CB15552E2A61B0DF00610A3D /* Assets.xcassets */; };
		CB1A8B152A73C38D0052C84E /* RMEpisodeDetailsViewController.swift in Sources */ = {isa = PBXBuildFile; fileRef = CB1A8B142A73C38D0052C84E /* RMEpisodeDetailsViewController.swift */; };
		CB2251E92A6EA60300064D2F /* RMCharacterDetailViewController.swift in Sources */ = {isa = PBXBuildFile; fileRef = CB2251E82A6EA60300064D2F /* RMCharacterDetailViewController.swift */; };
		CB2251EB2A6EA6D500064D2F /* RMCharacterDetailView.swift in Sources */ = {isa = PBXBuildFile; fileRef = CB2251EA2A6EA6D500064D2F /* RMCharacterDetailView.swift */; };
		CB2251ED2A6EA6ED00064D2F /* RMCharacterDetailViewViewModel.swift in Sources */ = {isa = PBXBuildFile; fileRef = CB2251EC2A6EA6ED00064D2F /* RMCharacterDetailViewViewModel.swift */; };
		CB2251EF2A6EBEFB00064D2F /* RMFooterLoadingCollectionReusableView.swift in Sources */ = {isa = PBXBuildFile; fileRef = CB2251EE2A6EBEFB00064D2F /* RMFooterLoadingCollectionReusableView.swift */; };
		CB5875A22A657C3C00401245 /* RMGetAllCharactersResponse.swift in Sources */ = {isa = PBXBuildFile; fileRef = CB5875A12A657C3C00401245 /* RMGetAllCharactersResponse.swift */; };
		CB69A23B2A6D738C00566F73 /* RMCharacterListViewViewModel.swift in Sources */ = {isa = PBXBuildFile; fileRef = CB69A23A2A6D738C00566F73 /* RMCharacterListViewViewModel.swift */; };
		CB69A23D2A6D741E00566F73 /* RMCharacterListView.swift in Sources */ = {isa = PBXBuildFile; fileRef = CB69A23C2A6D741E00566F73 /* RMCharacterListView.swift */; };
		CB69A23F2A6D78FC00566F73 /* Extensions.swift in Sources */ = {isa = PBXBuildFile; fileRef = CB69A23E2A6D78FC00566F73 /* Extensions.swift */; };
		CB69A2412A6D827600566F73 /* RMCharacterCollectionViewCell.swift in Sources */ = {isa = PBXBuildFile; fileRef = CB69A2402A6D827600566F73 /* RMCharacterCollectionViewCell.swift */; };
		CB69A2432A6D852500566F73 /* RMCharacterCollectionViewCellViewModel.swift in Sources */ = {isa = PBXBuildFile; fileRef = CB69A2422A6D852500566F73 /* RMCharacterCollectionViewCellViewModel.swift */; };
		CB94FAE12A61894000202732 /* AppDelegate.swift in Sources */ = {isa = PBXBuildFile; fileRef = CB94FAE02A61894000202732 /* AppDelegate.swift */; };
		CB94FAE32A61894000202732 /* SceneDelegate.swift in Sources */ = {isa = PBXBuildFile; fileRef = CB94FAE22A61894000202732 /* SceneDelegate.swift */; };
		CB94FAE52A61894000202732 /* RMTabViewController.swift in Sources */ = {isa = PBXBuildFile; fileRef = CB94FAE42A61894000202732 /* RMTabViewController.swift */; };
		CB94FAED2A61894000202732 /* LaunchScreen.storyboard in Resources */ = {isa = PBXBuildFile; fileRef = CB94FAEB2A61894000202732 /* LaunchScreen.storyboard */; };
		CBAD894B2A7033E500995542 /* RMImageLoader.swift in Sources */ = {isa = PBXBuildFile; fileRef = CBAD894A2A7033E500995542 /* RMImageLoader.swift */; };
		CBBCA0AA2A73D972004A084C /* RMAPICacheManager.swift in Sources */ = {isa = PBXBuildFile; fileRef = CBBCA0A92A73D972004A084C /* RMAPICacheManager.swift */; };
		CBBCA0AC2A73DFA4004A084C /* RMEpisodeDetailsViewViewModel.swift in Sources */ = {isa = PBXBuildFile; fileRef = CBBCA0AB2A73DFA4004A084C /* RMEpisodeDetailsViewViewModel.swift */; };
		CBBCA0AE2A73E02F004A084C /* RMEpisodeDetailsView.swift in Sources */ = {isa = PBXBuildFile; fileRef = CBBCA0AD2A73E02F004A084C /* RMEpisodeDetailsView.swift */; };
		CBC36C9A2A619D3A00A31FFC /* RMLocation.swift in Sources */ = {isa = PBXBuildFile; fileRef = CBC36C992A619D3A00A31FFC /* RMLocation.swift */; };
		CBC36C9C2A619D4700A31FFC /* RMCharacter.swift in Sources */ = {isa = PBXBuildFile; fileRef = CBC36C9B2A619D4700A31FFC /* RMCharacter.swift */; };
		CBC36C9E2A619D5A00A31FFC /* RMEpisode.swift in Sources */ = {isa = PBXBuildFile; fileRef = CBC36C9D2A619D5A00A31FFC /* RMEpisode.swift */; };
		CBC36CA12A619DFD00A31FFC /* RMCharacterViewController.swift in Sources */ = {isa = PBXBuildFile; fileRef = CBC36CA02A619DFD00A31FFC /* RMCharacterViewController.swift */; };
		CBC36CA32A619E1500A31FFC /* RMLocationViewController.swift in Sources */ = {isa = PBXBuildFile; fileRef = CBC36CA22A619E1500A31FFC /* RMLocationViewController.swift */; };
		CBC36CA52A619E2500A31FFC /* RMEpisodeViewController.swift in Sources */ = {isa = PBXBuildFile; fileRef = CBC36CA42A619E2500A31FFC /* RMEpisodeViewController.swift */; };
		CBC36CA72A619E3F00A31FFC /* RMSettingsViewController.swift in Sources */ = {isa = PBXBuildFile; fileRef = CBC36CA62A619E3F00A31FFC /* RMSettingsViewController.swift */; };
		CBC36CA92A61A69B00A31FFC /* RMService.swift in Sources */ = {isa = PBXBuildFile; fileRef = CBC36CA82A61A69B00A31FFC /* RMService.swift */; };
		CBC36CAB2A61A6BE00A31FFC /* RMRequest.swift in Sources */ = {isa = PBXBuildFile; fileRef = CBC36CAA2A61A6BE00A31FFC /* RMRequest.swift */; };
		CBC36CAD2A61A77A00A31FFC /* RMEndpoint.swift in Sources */ = {isa = PBXBuildFile; fileRef = CBC36CAC2A61A77A00A31FFC /* RMEndpoint.swift */; };
		CBE6074C2A727E5C0096B62C /* RMCharacterPhotoCollectionViewCell.swift in Sources */ = {isa = PBXBuildFile; fileRef = CBE6074B2A727E5C0096B62C /* RMCharacterPhotoCollectionViewCell.swift */; };
		CBE6074E2A727E6E0096B62C /* RMCharacterInfoCollectionViewCell.swift in Sources */ = {isa = PBXBuildFile; fileRef = CBE6074D2A727E6E0096B62C /* RMCharacterInfoCollectionViewCell.swift */; };
		CBE607502A727E810096B62C /* RMCharacterEpisodeCollectionViewCell.swift in Sources */ = {isa = PBXBuildFile; fileRef = CBE6074F2A727E810096B62C /* RMCharacterEpisodeCollectionViewCell.swift */; };
		CBE607532A727ED00096B62C /* RMCharacterPhotoCollectionViewCellViewModel.swift in Sources */ = {isa = PBXBuildFile; fileRef = CBE607522A727ED00096B62C /* RMCharacterPhotoCollectionViewCellViewModel.swift */; };
		CBE607552A727EE50096B62C /* RMCharacterInfoCollectionViewCellViewModel.swift in Sources */ = {isa = PBXBuildFile; fileRef = CBE607542A727EE50096B62C /* RMCharacterInfoCollectionViewCellViewModel.swift */; };
		CBE607572A727EF80096B62C /* RMCharacterEpisodeCollectionViewCellViewModel.swift in Sources */ = {isa = PBXBuildFile; fileRef = CBE607562A727EF80096B62C /* RMCharacterEpisodeCollectionViewCellViewModel.swift */; };
/* End PBXBuildFile section */

/* Begin PBXFileReference section */
		CB15552E2A61B0DF00610A3D /* Assets.xcassets */ = {isa = PBXFileReference; lastKnownFileType = folder.assetcatalog; path = Assets.xcassets; sourceTree = "<group>"; };
		CB1A8B142A73C38D0052C84E /* RMEpisodeDetailsViewController.swift */ = {isa = PBXFileReference; lastKnownFileType = sourcecode.swift; path = RMEpisodeDetailsViewController.swift; sourceTree = "<group>"; };
		CB2251E82A6EA60300064D2F /* RMCharacterDetailViewController.swift */ = {isa = PBXFileReference; lastKnownFileType = sourcecode.swift; path = RMCharacterDetailViewController.swift; sourceTree = "<group>"; };
		CB2251EA2A6EA6D500064D2F /* RMCharacterDetailView.swift */ = {isa = PBXFileReference; lastKnownFileType = sourcecode.swift; path = RMCharacterDetailView.swift; sourceTree = "<group>"; };
		CB2251EC2A6EA6ED00064D2F /* RMCharacterDetailViewViewModel.swift */ = {isa = PBXFileReference; lastKnownFileType = sourcecode.swift; path = RMCharacterDetailViewViewModel.swift; sourceTree = "<group>"; };
		CB2251EE2A6EBEFB00064D2F /* RMFooterLoadingCollectionReusableView.swift */ = {isa = PBXFileReference; lastKnownFileType = sourcecode.swift; path = RMFooterLoadingCollectionReusableView.swift; sourceTree = "<group>"; };
		CB5875A12A657C3C00401245 /* RMGetAllCharactersResponse.swift */ = {isa = PBXFileReference; lastKnownFileType = sourcecode.swift; path = RMGetAllCharactersResponse.swift; sourceTree = "<group>"; };
		CB69A23A2A6D738C00566F73 /* RMCharacterListViewViewModel.swift */ = {isa = PBXFileReference; lastKnownFileType = sourcecode.swift; path = RMCharacterListViewViewModel.swift; sourceTree = "<group>"; };
		CB69A23C2A6D741E00566F73 /* RMCharacterListView.swift */ = {isa = PBXFileReference; lastKnownFileType = sourcecode.swift; path = RMCharacterListView.swift; sourceTree = "<group>"; };
		CB69A23E2A6D78FC00566F73 /* Extensions.swift */ = {isa = PBXFileReference; lastKnownFileType = sourcecode.swift; path = Extensions.swift; sourceTree = "<group>"; };
		CB69A2402A6D827600566F73 /* RMCharacterCollectionViewCell.swift */ = {isa = PBXFileReference; lastKnownFileType = sourcecode.swift; path = RMCharacterCollectionViewCell.swift; sourceTree = "<group>"; };
		CB69A2422A6D852500566F73 /* RMCharacterCollectionViewCellViewModel.swift */ = {isa = PBXFileReference; lastKnownFileType = sourcecode.swift; path = RMCharacterCollectionViewCellViewModel.swift; sourceTree = "<group>"; };
		CB94FADD2A61894000202732 /* RickAndMortyApp.app */ = {isa = PBXFileReference; explicitFileType = wrapper.application; includeInIndex = 0; path = RickAndMortyApp.app; sourceTree = BUILT_PRODUCTS_DIR; };
		CB94FAE02A61894000202732 /* AppDelegate.swift */ = {isa = PBXFileReference; lastKnownFileType = sourcecode.swift; path = AppDelegate.swift; sourceTree = "<group>"; };
		CB94FAE22A61894000202732 /* SceneDelegate.swift */ = {isa = PBXFileReference; lastKnownFileType = sourcecode.swift; path = SceneDelegate.swift; sourceTree = "<group>"; };
		CB94FAE42A61894000202732 /* RMTabViewController.swift */ = {isa = PBXFileReference; lastKnownFileType = sourcecode.swift; path = RMTabViewController.swift; sourceTree = "<group>"; };
		CB94FAEC2A61894000202732 /* Base */ = {isa = PBXFileReference; lastKnownFileType = file.storyboard; name = Base; path = Base.lproj/LaunchScreen.storyboard; sourceTree = "<group>"; };
		CB94FAEE2A61894000202732 /* Info.plist */ = {isa = PBXFileReference; lastKnownFileType = text.plist.xml; path = Info.plist; sourceTree = "<group>"; };
		CBAD894A2A7033E500995542 /* RMImageLoader.swift */ = {isa = PBXFileReference; lastKnownFileType = sourcecode.swift; path = RMImageLoader.swift; sourceTree = "<group>"; };
		CBBCA0A92A73D972004A084C /* RMAPICacheManager.swift */ = {isa = PBXFileReference; lastKnownFileType = sourcecode.swift; path = RMAPICacheManager.swift; sourceTree = "<group>"; };
		CBBCA0AB2A73DFA4004A084C /* RMEpisodeDetailsViewViewModel.swift */ = {isa = PBXFileReference; lastKnownFileType = sourcecode.swift; path = RMEpisodeDetailsViewViewModel.swift; sourceTree = "<group>"; };
		CBBCA0AD2A73E02F004A084C /* RMEpisodeDetailsView.swift */ = {isa = PBXFileReference; lastKnownFileType = sourcecode.swift; path = RMEpisodeDetailsView.swift; sourceTree = "<group>"; };
		CBC36C992A619D3A00A31FFC /* RMLocation.swift */ = {isa = PBXFileReference; lastKnownFileType = sourcecode.swift; path = RMLocation.swift; sourceTree = "<group>"; };
		CBC36C9B2A619D4700A31FFC /* RMCharacter.swift */ = {isa = PBXFileReference; lastKnownFileType = sourcecode.swift; path = RMCharacter.swift; sourceTree = "<group>"; };
		CBC36C9D2A619D5A00A31FFC /* RMEpisode.swift */ = {isa = PBXFileReference; lastKnownFileType = sourcecode.swift; path = RMEpisode.swift; sourceTree = "<group>"; };
		CBC36CA02A619DFD00A31FFC /* RMCharacterViewController.swift */ = {isa = PBXFileReference; lastKnownFileType = sourcecode.swift; path = RMCharacterViewController.swift; sourceTree = "<group>"; };
		CBC36CA22A619E1500A31FFC /* RMLocationViewController.swift */ = {isa = PBXFileReference; lastKnownFileType = sourcecode.swift; path = RMLocationViewController.swift; sourceTree = "<group>"; };
		CBC36CA42A619E2500A31FFC /* RMEpisodeViewController.swift */ = {isa = PBXFileReference; lastKnownFileType = sourcecode.swift; path = RMEpisodeViewController.swift; sourceTree = "<group>"; };
		CBC36CA62A619E3F00A31FFC /* RMSettingsViewController.swift */ = {isa = PBXFileReference; lastKnownFileType = sourcecode.swift; path = RMSettingsViewController.swift; sourceTree = "<group>"; };
		CBC36CA82A61A69B00A31FFC /* RMService.swift */ = {isa = PBXFileReference; lastKnownFileType = sourcecode.swift; path = RMService.swift; sourceTree = "<group>"; };
		CBC36CAA2A61A6BE00A31FFC /* RMRequest.swift */ = {isa = PBXFileReference; lastKnownFileType = sourcecode.swift; path = RMRequest.swift; sourceTree = "<group>"; };
		CBC36CAC2A61A77A00A31FFC /* RMEndpoint.swift */ = {isa = PBXFileReference; lastKnownFileType = sourcecode.swift; path = RMEndpoint.swift; sourceTree = "<group>"; };
		CBE6074B2A727E5C0096B62C /* RMCharacterPhotoCollectionViewCell.swift */ = {isa = PBXFileReference; lastKnownFileType = sourcecode.swift; path = RMCharacterPhotoCollectionViewCell.swift; sourceTree = "<group>"; };
		CBE6074D2A727E6E0096B62C /* RMCharacterInfoCollectionViewCell.swift */ = {isa = PBXFileReference; lastKnownFileType = sourcecode.swift; path = RMCharacterInfoCollectionViewCell.swift; sourceTree = "<group>"; };
		CBE6074F2A727E810096B62C /* RMCharacterEpisodeCollectionViewCell.swift */ = {isa = PBXFileReference; lastKnownFileType = sourcecode.swift; path = RMCharacterEpisodeCollectionViewCell.swift; sourceTree = "<group>"; };
		CBE607522A727ED00096B62C /* RMCharacterPhotoCollectionViewCellViewModel.swift */ = {isa = PBXFileReference; lastKnownFileType = sourcecode.swift; path = RMCharacterPhotoCollectionViewCellViewModel.swift; sourceTree = "<group>"; };
		CBE607542A727EE50096B62C /* RMCharacterInfoCollectionViewCellViewModel.swift */ = {isa = PBXFileReference; lastKnownFileType = sourcecode.swift; path = RMCharacterInfoCollectionViewCellViewModel.swift; sourceTree = "<group>"; };
		CBE607562A727EF80096B62C /* RMCharacterEpisodeCollectionViewCellViewModel.swift */ = {isa = PBXFileReference; lastKnownFileType = sourcecode.swift; path = RMCharacterEpisodeCollectionViewCellViewModel.swift; sourceTree = "<group>"; };
/* End PBXFileReference section */

/* Begin PBXFrameworksBuildPhase section */
		CB94FADA2A61894000202732 /* Frameworks */ = {
			isa = PBXFrameworksBuildPhase;
			buildActionMask = 2147483647;
			files = (
			);
			runOnlyForDeploymentPostprocessing = 0;
		};
/* End PBXFrameworksBuildPhase section */

/* Begin PBXGroup section */
		CB2251E72A6EA5BB00064D2F /* Others */ = {
			isa = PBXGroup;
			children = (
				CB2251E82A6EA60300064D2F /* RMCharacterDetailViewController.swift */,
				CB1A8B142A73C38D0052C84E /* RMEpisodeDetailsViewController.swift */,
			);
			path = Others;
			sourceTree = "<group>";
		};
		CB58759F2A657BFB00401245 /* DataTypes */ = {
			isa = PBXGroup;
			children = (
				CBC36C992A619D3A00A31FFC /* RMLocation.swift */,
				CBC36C9B2A619D4700A31FFC /* RMCharacter.swift */,
				CBC36C9D2A619D5A00A31FFC /* RMEpisode.swift */,
			);
			path = DataTypes;
			sourceTree = "<group>";
		};
		CB5875A02A657C0F00401245 /* APIResponseTypes */ = {
			isa = PBXGroup;
			children = (
				CB5875A12A657C3C00401245 /* RMGetAllCharactersResponse.swift */,
			);
			path = APIResponseTypes;
			sourceTree = "<group>";
		};
		CB94FAD42A61893F00202732 = {
			isa = PBXGroup;
			children = (
				CB94FADF2A61894000202732 /* RickAndMortyApp */,
				CB94FADE2A61894000202732 /* Products */,
			);
			sourceTree = "<group>";
		};
		CB94FADE2A61894000202732 /* Products */ = {
			isa = PBXGroup;
			children = (
				CB94FADD2A61894000202732 /* RickAndMortyApp.app */,
			);
			name = Products;
			sourceTree = "<group>";
		};
		CB94FADF2A61894000202732 /* RickAndMortyApp */ = {
			isa = PBXGroup;
			children = (
				CBC36C982A619C9600A31FFC /* Resources */,
				CBC36C972A619C9000A31FFC /* Managers */,
				CBC36C962A619C7B00A31FFC /* APIClient */,
				CBC36C952A619C5E00A31FFC /* ViewModels */,
				CBC36C942A619C5700A31FFC /* Views */,
				CBC36C932A619BBC00A31FFC /* Models */,
				CBC36C922A619BAE00A31FFC /* Controllers */,
				CB94FAEE2A61894000202732 /* Info.plist */,
			);
			path = RickAndMortyApp;
			sourceTree = "<group>";
		};
		CBC36C922A619BAE00A31FFC /* Controllers */ = {
			isa = PBXGroup;
			children = (
				CB2251E72A6EA5BB00064D2F /* Others */,
				CBC36C9F2A619DD500A31FFC /* Core */,
			);
			path = Controllers;
			sourceTree = "<group>";
		};
		CBC36C932A619BBC00A31FFC /* Models */ = {
			isa = PBXGroup;
			children = (
				CB5875A02A657C0F00401245 /* APIResponseTypes */,
				CB58759F2A657BFB00401245 /* DataTypes */,
			);
			path = Models;
			sourceTree = "<group>";
		};
		CBC36C942A619C5700A31FFC /* Views */ = {
			isa = PBXGroup;
			children = (
				CBE6074A2A727DEC0096B62C /* Character */,
				CBE607492A727DA70096B62C /* CharacterDetails */,
				CB2251EE2A6EBEFB00064D2F /* RMFooterLoadingCollectionReusableView.swift */,
				CBBCA0AD2A73E02F004A084C /* RMEpisodeDetailsView.swift */,
			);
			path = Views;
			sourceTree = "<group>";
		};
		CBC36C952A619C5E00A31FFC /* ViewModels */ = {
			isa = PBXGroup;
			children = (
				CBE607512A727E9C0096B62C /* CharacterDetail */,
				CB69A23A2A6D738C00566F73 /* RMCharacterListViewViewModel.swift */,
				CB69A2422A6D852500566F73 /* RMCharacterCollectionViewCellViewModel.swift */,
				CBBCA0AB2A73DFA4004A084C /* RMEpisodeDetailsViewViewModel.swift */,
			);
			path = ViewModels;
			sourceTree = "<group>";
		};
		CBC36C962A619C7B00A31FFC /* APIClient */ = {
			isa = PBXGroup;
			children = (
				CBC36CA82A61A69B00A31FFC /* RMService.swift */,
				CBC36CAA2A61A6BE00A31FFC /* RMRequest.swift */,
				CBC36CAC2A61A77A00A31FFC /* RMEndpoint.swift */,
			);
			path = APIClient;
			sourceTree = "<group>";
		};
		CBC36C972A619C9000A31FFC /* Managers */ = {
			isa = PBXGroup;
			children = (
				CBAD894A2A7033E500995542 /* RMImageLoader.swift */,
				CBBCA0A92A73D972004A084C /* RMAPICacheManager.swift */,
			);
			path = Managers;
			sourceTree = "<group>";
		};
		CBC36C982A619C9600A31FFC /* Resources */ = {
			isa = PBXGroup;
			children = (
				CB94FAE02A61894000202732 /* AppDelegate.swift */,
				CB94FAE22A61894000202732 /* SceneDelegate.swift */,
				CB15552E2A61B0DF00610A3D /* Assets.xcassets */,
				CB94FAEB2A61894000202732 /* LaunchScreen.storyboard */,
				CB69A23E2A6D78FC00566F73 /* Extensions.swift */,
			);
			path = Resources;
			sourceTree = "<group>";
		};
		CBC36C9F2A619DD500A31FFC /* Core */ = {
			isa = PBXGroup;
			children = (
				CB94FAE42A61894000202732 /* RMTabViewController.swift */,
				CBC36CA02A619DFD00A31FFC /* RMCharacterViewController.swift */,
				CBC36CA22A619E1500A31FFC /* RMLocationViewController.swift */,
				CBC36CA42A619E2500A31FFC /* RMEpisodeViewController.swift */,
				CBC36CA62A619E3F00A31FFC /* RMSettingsViewController.swift */,
			);
			path = Core;
			sourceTree = "<group>";
		};
		CBE607492A727DA70096B62C /* CharacterDetails */ = {
			isa = PBXGroup;
			children = (
				CB2251EA2A6EA6D500064D2F /* RMCharacterDetailView.swift */,
				CBE6074B2A727E5C0096B62C /* RMCharacterPhotoCollectionViewCell.swift */,
				CBE6074D2A727E6E0096B62C /* RMCharacterInfoCollectionViewCell.swift */,
				CBE6074F2A727E810096B62C /* RMCharacterEpisodeCollectionViewCell.swift */,
			);
			path = CharacterDetails;
			sourceTree = "<group>";
		};
		CBE6074A2A727DEC0096B62C /* Character */ = {
			isa = PBXGroup;
			children = (
				CB69A23C2A6D741E00566F73 /* RMCharacterListView.swift */,
				CB69A2402A6D827600566F73 /* RMCharacterCollectionViewCell.swift */,
			);
			path = Character;
			sourceTree = "<group>";
		};
		CBE607512A727E9C0096B62C /* CharacterDetail */ = {
			isa = PBXGroup;
			children = (
				CB2251EC2A6EA6ED00064D2F /* RMCharacterDetailViewViewModel.swift */,
				CBE607522A727ED00096B62C /* RMCharacterPhotoCollectionViewCellViewModel.swift */,
				CBE607542A727EE50096B62C /* RMCharacterInfoCollectionViewCellViewModel.swift */,
				CBE607562A727EF80096B62C /* RMCharacterEpisodeCollectionViewCellViewModel.swift */,
			);
			path = CharacterDetail;
			sourceTree = "<group>";
		};
/* End PBXGroup section */

/* Begin PBXNativeTarget section */
		CB94FADC2A61894000202732 /* RickAndMortyApp */ = {
			isa = PBXNativeTarget;
			buildConfigurationList = CB94FAF12A61894000202732 /* Build configuration list for PBXNativeTarget "RickAndMortyApp" */;
			buildPhases = (
				CB94FAD92A61894000202732 /* Sources */,
				CB94FADA2A61894000202732 /* Frameworks */,
				CB94FADB2A61894000202732 /* Resources */,
			);
			buildRules = (
			);
			dependencies = (
			);
			name = RickAndMortyApp;
			productName = RickAndMortyApp;
			productReference = CB94FADD2A61894000202732 /* RickAndMortyApp.app */;
			productType = "com.apple.product-type.application";
		};
/* End PBXNativeTarget section */

/* Begin PBXProject section */
		CB94FAD52A61893F00202732 /* Project object */ = {
			isa = PBXProject;
			attributes = {
				BuildIndependentTargetsInParallel = 1;
				LastSwiftUpdateCheck = 1430;
				LastUpgradeCheck = 1430;
				TargetAttributes = {
					CB94FADC2A61894000202732 = {
						CreatedOnToolsVersion = 14.3.1;
					};
				};
			};
			buildConfigurationList = CB94FAD82A61893F00202732 /* Build configuration list for PBXProject "RickAndMortyApp" */;
			compatibilityVersion = "Xcode 14.0";
			developmentRegion = en;
			hasScannedForEncodings = 0;
			knownRegions = (
				en,
				Base,
			);
			mainGroup = CB94FAD42A61893F00202732;
			productRefGroup = CB94FADE2A61894000202732 /* Products */;
			projectDirPath = "";
			projectRoot = "";
			targets = (
				CB94FADC2A61894000202732 /* RickAndMortyApp */,
			);
		};
/* End PBXProject section */

/* Begin PBXResourcesBuildPhase section */
		CB94FADB2A61894000202732 /* Resources */ = {
			isa = PBXResourcesBuildPhase;
			buildActionMask = 2147483647;
			files = (
				CB15552F2A61B0DF00610A3D /* Assets.xcassets in Resources */,
				CB94FAED2A61894000202732 /* LaunchScreen.storyboard in Resources */,
			);
			runOnlyForDeploymentPostprocessing = 0;
		};
/* End PBXResourcesBuildPhase section */

/* Begin PBXSourcesBuildPhase section */
		CB94FAD92A61894000202732 /* Sources */ = {
			isa = PBXSourcesBuildPhase;
			buildActionMask = 2147483647;
			files = (
				CBC36CA32A619E1500A31FFC /* RMLocationViewController.swift in Sources */,
				CBE607532A727ED00096B62C /* RMCharacterPhotoCollectionViewCellViewModel.swift in Sources */,
				CBE6074E2A727E6E0096B62C /* RMCharacterInfoCollectionViewCell.swift in Sources */,
				CBC36C9E2A619D5A00A31FFC /* RMEpisode.swift in Sources */,
				CB94FAE52A61894000202732 /* RMTabViewController.swift in Sources */,
				CBC36CA52A619E2500A31FFC /* RMEpisodeViewController.swift in Sources */,
				CBE6074C2A727E5C0096B62C /* RMCharacterPhotoCollectionViewCell.swift in Sources */,
				CB69A2432A6D852500566F73 /* RMCharacterCollectionViewCellViewModel.swift in Sources */,
				CB2251EF2A6EBEFB00064D2F /* RMFooterLoadingCollectionReusableView.swift in Sources */,
				CB5875A22A657C3C00401245 /* RMGetAllCharactersResponse.swift in Sources */,
				CBE607572A727EF80096B62C /* RMCharacterEpisodeCollectionViewCellViewModel.swift in Sources */,
				CBBCA0AC2A73DFA4004A084C /* RMEpisodeDetailsViewViewModel.swift in Sources */,
				CBE607552A727EE50096B62C /* RMCharacterInfoCollectionViewCellViewModel.swift in Sources */,
				CB2251E92A6EA60300064D2F /* RMCharacterDetailViewController.swift in Sources */,
				CBBCA0AE2A73E02F004A084C /* RMEpisodeDetailsView.swift in Sources */,
				CB94FAE12A61894000202732 /* AppDelegate.swift in Sources */,
				CB2251EB2A6EA6D500064D2F /* RMCharacterDetailView.swift in Sources */,
				CB69A23D2A6D741E00566F73 /* RMCharacterListView.swift in Sources */,
				CB94FAE32A61894000202732 /* SceneDelegate.swift in Sources */,
				CBC36CA72A619E3F00A31FFC /* RMSettingsViewController.swift in Sources */,
				CB69A23B2A6D738C00566F73 /* RMCharacterListViewViewModel.swift in Sources */,
				CBAD894B2A7033E500995542 /* RMImageLoader.swift in Sources */,
				CB2251ED2A6EA6ED00064D2F /* RMCharacterDetailViewViewModel.swift in Sources */,
				CBC36CA92A61A69B00A31FFC /* RMService.swift in Sources */,
				CBC36C9A2A619D3A00A31FFC /* RMLocation.swift in Sources */,
				CBC36CAD2A61A77A00A31FFC /* RMEndpoint.swift in Sources */,
				CBE607502A727E810096B62C /* RMCharacterEpisodeCollectionViewCell.swift in Sources */,
				CB1A8B152A73C38D0052C84E /* RMEpisodeDetailsViewController.swift in Sources */,
				CBBCA0AA2A73D972004A084C /* RMAPICacheManager.swift in Sources */,
				CBC36C9C2A619D4700A31FFC /* RMCharacter.swift in Sources */,
				CB69A23F2A6D78FC00566F73 /* Extensions.swift in Sources */,
				CBC36CAB2A61A6BE00A31FFC /* RMRequest.swift in Sources */,
				CBC36CA12A619DFD00A31FFC /* RMCharacterViewController.swift in Sources */,
				CB69A2412A6D827600566F73 /* RMCharacterCollectionViewCell.swift in Sources */,
			);
			runOnlyForDeploymentPostprocessing = 0;
		};
/* End PBXSourcesBuildPhase section */

/* Begin PBXVariantGroup section */
		CB94FAEB2A61894000202732 /* LaunchScreen.storyboard */ = {
			isa = PBXVariantGroup;
			children = (
				CB94FAEC2A61894000202732 /* Base */,
			);
			name = LaunchScreen.storyboard;
			sourceTree = "<group>";
		};
/* End PBXVariantGroup section */

/* Begin XCBuildConfiguration section */
		CB94FAEF2A61894000202732 /* Debug */ = {
			isa = XCBuildConfiguration;
			buildSettings = {
				ALWAYS_SEARCH_USER_PATHS = NO;
				CLANG_ANALYZER_NONNULL = YES;
				CLANG_ANALYZER_NUMBER_OBJECT_CONVERSION = YES_AGGRESSIVE;
				CLANG_CXX_LANGUAGE_STANDARD = "gnu++20";
				CLANG_ENABLE_MODULES = YES;
				CLANG_ENABLE_OBJC_ARC = YES;
				CLANG_ENABLE_OBJC_WEAK = YES;
				CLANG_WARN_BLOCK_CAPTURE_AUTORELEASING = YES;
				CLANG_WARN_BOOL_CONVERSION = YES;
				CLANG_WARN_COMMA = YES;
				CLANG_WARN_CONSTANT_CONVERSION = YES;
				CLANG_WARN_DEPRECATED_OBJC_IMPLEMENTATIONS = YES;
				CLANG_WARN_DIRECT_OBJC_ISA_USAGE = YES_ERROR;
				CLANG_WARN_DOCUMENTATION_COMMENTS = YES;
				CLANG_WARN_EMPTY_BODY = YES;
				CLANG_WARN_ENUM_CONVERSION = YES;
				CLANG_WARN_INFINITE_RECURSION = YES;
				CLANG_WARN_INT_CONVERSION = YES;
				CLANG_WARN_NON_LITERAL_NULL_CONVERSION = YES;
				CLANG_WARN_OBJC_IMPLICIT_RETAIN_SELF = YES;
				CLANG_WARN_OBJC_LITERAL_CONVERSION = YES;
				CLANG_WARN_OBJC_ROOT_CLASS = YES_ERROR;
				CLANG_WARN_QUOTED_INCLUDE_IN_FRAMEWORK_HEADER = YES;
				CLANG_WARN_RANGE_LOOP_ANALYSIS = YES;
				CLANG_WARN_STRICT_PROTOTYPES = YES;
				CLANG_WARN_SUSPICIOUS_MOVE = YES;
				CLANG_WARN_UNGUARDED_AVAILABILITY = YES_AGGRESSIVE;
				CLANG_WARN_UNREACHABLE_CODE = YES;
				CLANG_WARN__DUPLICATE_METHOD_MATCH = YES;
				COPY_PHASE_STRIP = NO;
				DEBUG_INFORMATION_FORMAT = dwarf;
				ENABLE_STRICT_OBJC_MSGSEND = YES;
				ENABLE_TESTABILITY = YES;
				GCC_C_LANGUAGE_STANDARD = gnu11;
				GCC_DYNAMIC_NO_PIC = NO;
				GCC_NO_COMMON_BLOCKS = YES;
				GCC_OPTIMIZATION_LEVEL = 0;
				GCC_PREPROCESSOR_DEFINITIONS = (
					"DEBUG=1",
					"$(inherited)",
				);
				GCC_WARN_64_TO_32_BIT_CONVERSION = YES;
				GCC_WARN_ABOUT_RETURN_TYPE = YES_ERROR;
				GCC_WARN_UNDECLARED_SELECTOR = YES;
				GCC_WARN_UNINITIALIZED_AUTOS = YES_AGGRESSIVE;
				GCC_WARN_UNUSED_FUNCTION = YES;
				GCC_WARN_UNUSED_VARIABLE = YES;
				IPHONEOS_DEPLOYMENT_TARGET = 16.4;
				MTL_ENABLE_DEBUG_INFO = INCLUDE_SOURCE;
				MTL_FAST_MATH = YES;
				ONLY_ACTIVE_ARCH = YES;
				SDKROOT = iphoneos;
				SWIFT_ACTIVE_COMPILATION_CONDITIONS = DEBUG;
				SWIFT_OPTIMIZATION_LEVEL = "-Onone";
			};
			name = Debug;
		};
		CB94FAF02A61894000202732 /* Release */ = {
			isa = XCBuildConfiguration;
			buildSettings = {
				ALWAYS_SEARCH_USER_PATHS = NO;
				CLANG_ANALYZER_NONNULL = YES;
				CLANG_ANALYZER_NUMBER_OBJECT_CONVERSION = YES_AGGRESSIVE;
				CLANG_CXX_LANGUAGE_STANDARD = "gnu++20";
				CLANG_ENABLE_MODULES = YES;
				CLANG_ENABLE_OBJC_ARC = YES;
				CLANG_ENABLE_OBJC_WEAK = YES;
				CLANG_WARN_BLOCK_CAPTURE_AUTORELEASING = YES;
				CLANG_WARN_BOOL_CONVERSION = YES;
				CLANG_WARN_COMMA = YES;
				CLANG_WARN_CONSTANT_CONVERSION = YES;
				CLANG_WARN_DEPRECATED_OBJC_IMPLEMENTATIONS = YES;
				CLANG_WARN_DIRECT_OBJC_ISA_USAGE = YES_ERROR;
				CLANG_WARN_DOCUMENTATION_COMMENTS = YES;
				CLANG_WARN_EMPTY_BODY = YES;
				CLANG_WARN_ENUM_CONVERSION = YES;
				CLANG_WARN_INFINITE_RECURSION = YES;
				CLANG_WARN_INT_CONVERSION = YES;
				CLANG_WARN_NON_LITERAL_NULL_CONVERSION = YES;
				CLANG_WARN_OBJC_IMPLICIT_RETAIN_SELF = YES;
				CLANG_WARN_OBJC_LITERAL_CONVERSION = YES;
				CLANG_WARN_OBJC_ROOT_CLASS = YES_ERROR;
				CLANG_WARN_QUOTED_INCLUDE_IN_FRAMEWORK_HEADER = YES;
				CLANG_WARN_RANGE_LOOP_ANALYSIS = YES;
				CLANG_WARN_STRICT_PROTOTYPES = YES;
				CLANG_WARN_SUSPICIOUS_MOVE = YES;
				CLANG_WARN_UNGUARDED_AVAILABILITY = YES_AGGRESSIVE;
				CLANG_WARN_UNREACHABLE_CODE = YES;
				CLANG_WARN__DUPLICATE_METHOD_MATCH = YES;
				COPY_PHASE_STRIP = NO;
				DEBUG_INFORMATION_FORMAT = "dwarf-with-dsym";
				ENABLE_NS_ASSERTIONS = NO;
				ENABLE_STRICT_OBJC_MSGSEND = YES;
				GCC_C_LANGUAGE_STANDARD = gnu11;
				GCC_NO_COMMON_BLOCKS = YES;
				GCC_WARN_64_TO_32_BIT_CONVERSION = YES;
				GCC_WARN_ABOUT_RETURN_TYPE = YES_ERROR;
				GCC_WARN_UNDECLARED_SELECTOR = YES;
				GCC_WARN_UNINITIALIZED_AUTOS = YES_AGGRESSIVE;
				GCC_WARN_UNUSED_FUNCTION = YES;
				GCC_WARN_UNUSED_VARIABLE = YES;
				IPHONEOS_DEPLOYMENT_TARGET = 16.4;
				MTL_ENABLE_DEBUG_INFO = NO;
				MTL_FAST_MATH = YES;
				SDKROOT = iphoneos;
				SWIFT_COMPILATION_MODE = wholemodule;
				SWIFT_OPTIMIZATION_LEVEL = "-O";
				VALIDATE_PRODUCT = YES;
			};
			name = Release;
		};
		CB94FAF22A61894000202732 /* Debug */ = {
			isa = XCBuildConfiguration;
			buildSettings = {
				ASSETCATALOG_COMPILER_APPICON_NAME = AppIcon;
				ASSETCATALOG_COMPILER_GLOBAL_ACCENT_COLOR_NAME = AccentColor;
				CODE_SIGN_STYLE = Automatic;
				CURRENT_PROJECT_VERSION = 1;
				DEVELOPMENT_TEAM = G5MBR5CGM9;
				GENERATE_INFOPLIST_FILE = YES;
				INFOPLIST_FILE = RickAndMortyApp/Info.plist;
				INFOPLIST_KEY_UIApplicationSupportsIndirectInputEvents = YES;
				INFOPLIST_KEY_UILaunchStoryboardName = LaunchScreen;
				INFOPLIST_KEY_UISupportedInterfaceOrientations = UIInterfaceOrientationPortrait;
				LD_RUNPATH_SEARCH_PATHS = (
					"$(inherited)",
					"@executable_path/Frameworks",
				);
				MARKETING_VERSION = 1.0;
				PRODUCT_BUNDLE_IDENTIFIER = tebeloper.dev.RickAndMortyApp;
				PRODUCT_NAME = "$(TARGET_NAME)";
				SWIFT_EMIT_LOC_STRINGS = YES;
				SWIFT_VERSION = 5.0;
				TARGETED_DEVICE_FAMILY = "1,2";
			};
			name = Debug;
		};
		CB94FAF32A61894000202732 /* Release */ = {
			isa = XCBuildConfiguration;
			buildSettings = {
				ASSETCATALOG_COMPILER_APPICON_NAME = AppIcon;
				ASSETCATALOG_COMPILER_GLOBAL_ACCENT_COLOR_NAME = AccentColor;
				CODE_SIGN_STYLE = Automatic;
				CURRENT_PROJECT_VERSION = 1;
				DEVELOPMENT_TEAM = G5MBR5CGM9;
				GENERATE_INFOPLIST_FILE = YES;
				INFOPLIST_FILE = RickAndMortyApp/Info.plist;
				INFOPLIST_KEY_UIApplicationSupportsIndirectInputEvents = YES;
				INFOPLIST_KEY_UILaunchStoryboardName = LaunchScreen;
				INFOPLIST_KEY_UISupportedInterfaceOrientations = UIInterfaceOrientationPortrait;
				LD_RUNPATH_SEARCH_PATHS = (
					"$(inherited)",
					"@executable_path/Frameworks",
				);
				MARKETING_VERSION = 1.0;
				PRODUCT_BUNDLE_IDENTIFIER = tebeloper.dev.RickAndMortyApp;
				PRODUCT_NAME = "$(TARGET_NAME)";
				SWIFT_EMIT_LOC_STRINGS = YES;
				SWIFT_VERSION = 5.0;
				TARGETED_DEVICE_FAMILY = "1,2";
			};
			name = Release;
		};
/* End XCBuildConfiguration section */

/* Begin XCConfigurationList section */
		CB94FAD82A61893F00202732 /* Build configuration list for PBXProject "RickAndMortyApp" */ = {
			isa = XCConfigurationList;
			buildConfigurations = (
				CB94FAEF2A61894000202732 /* Debug */,
				CB94FAF02A61894000202732 /* Release */,
			);
			defaultConfigurationIsVisible = 0;
			defaultConfigurationName = Release;
		};
		CB94FAF12A61894000202732 /* Build configuration list for PBXNativeTarget "RickAndMortyApp" */ = {
			isa = XCConfigurationList;
			buildConfigurations = (
				CB94FAF22A61894000202732 /* Debug */,
				CB94FAF32A61894000202732 /* Release */,
			);
			defaultConfigurationIsVisible = 0;
			defaultConfigurationName = Release;
		};
/* End XCConfigurationList section */
	};
	rootObject = CB94FAD52A61893F00202732 /* Project object */;
}
